
Microsoft Visual Studio Solution File, Format Version 12.00
# Visual Studio Version 17
VisualStudioVersion = 17.9.34622.214
MinimumVisualStudioVersion = 10.0.40219.1
Project("{FAE04EC0-301F-11D3-BF4B-00C04F79EFBC}") = "Tic Tac Toe with WPF", "Tic Tac Toe with WPF\Tic Tac Toe with WPF.csproj", "{167A322B-4EA4-404F-A215-ED37D1A582B5}"
EndProject
Global
	GlobalSection(SolutionConfigurationPlatforms) = preSolution
		Debug|Any CPU = Debug|Any CPU
		Release|Any CPU = Release|Any CPU
	EndGlobalSection
	GlobalSection(ProjectConfigurationPlatforms) = postSolution
		{167A322B-4EA4-404F-A215-ED37D1A582B5}.Debug|Any CPU.ActiveCfg = Debug|Any CPU
		{167A322B-4EA4-404F-A215-ED37D1A582B5}.Debug|Any CPU.Build.0 = Debug|Any CPU
		{167A322B-4EA4-404F-A215-ED37D1A582B5}.Release|Any CPU.ActiveCfg = Release|Any CPU
		{167A322B-4EA4-404F-A215-ED37D1A582B5}.Release|Any CPU.Build.0 = Release|Any CPU
	EndGlobalSection
	GlobalSection(SolutionProperties) = preSolution
		HideSolutionNode = FALSE
	EndGlobalSection
	GlobalSection(ExtensibilityGlobals) = postSolution
		SolutionGuid = {A4348AB4-4B32-449D-8005-BAA3D9756092}
	EndGlobalSection
EndGlobal
